
Microsoft Visual Studio Solution File, Format Version 12.00
# Visual Studio Version 17
VisualStudioVersion = 17.7.34031.279
MinimumVisualStudioVersion = 10.0.40219.1
Project("{FAE04EC0-301F-11D3-BF4B-00C04F79EFBC}") = "practica 24", "practica 24\practica 24.csproj", "{BDA35AE0-AAC3-428E-B791-2FF26212DF2E}"
EndProject
Global
	GlobalSection(SolutionConfigurationPlatforms) = preSolution
		Debug|Any CPU = Debug|Any CPU
		Release|Any CPU = Release|Any CPU
	EndGlobalSection
	GlobalSection(ProjectConfigurationPlatforms) = postSolution
		{BDA35AE0-AAC3-428E-B791-2FF26212DF2E}.Debug|Any CPU.ActiveCfg = Debug|Any CPU
		{BDA35AE0-AAC3-428E-B791-2FF26212DF2E}.Debug|Any CPU.Build.0 = Debug|Any CPU
		{BDA35AE0-AAC3-428E-B791-2FF26212DF2E}.Release|Any CPU.ActiveCfg = Release|Any CPU
		{BDA35AE0-AAC3-428E-B791-2FF26212DF2E}.Release|Any CPU.Build.0 = Release|Any CPU
	EndGlobalSection
	GlobalSection(SolutionProperties) = preSolution
		HideSolutionNode = FALSE
	EndGlobalSection
	GlobalSection(ExtensibilityGlobals) = postSolution
		SolutionGuid = {EFBBFCC5-7C94-45AE-916E-A350281283AD}
	EndGlobalSection
EndGlobal
